
Microsoft Visual Studio Solution File, Format Version 12.00
# Visual Studio Version 17
VisualStudioVersion = 17.5.002.0
MinimumVisualStudioVersion = 10.0.40219.1
Project("{9A19103F-16F7-4668-BE54-9A1E7A4F7556}") = "MyWorkflow", "MyWorkflow.csproj", "{A6C9B79E-29B9-4BF0-AB76-310C1B1946EF}"
EndProject
Global
	GlobalSection(SolutionConfigurationPlatforms) = preSolution
		Debug|Any CPU = Debug|Any CPU
		Release|Any CPU = Release|Any CPU
	EndGlobalSection
	GlobalSection(ProjectConfigurationPlatforms) = postSolution
		{A6C9B79E-29B9-4BF0-AB76-310C1B1946EF}.Debug|Any CPU.ActiveCfg = Debug|Any CPU
		{A6C9B79E-29B9-4BF0-AB76-310C1B1946EF}.Debug|Any CPU.Build.0 = Debug|Any CPU
		{A6C9B79E-29B9-4BF0-AB76-310C1B1946EF}.Release|Any CPU.ActiveCfg = Release|Any CPU
		{A6C9B79E-29B9-4BF0-AB76-310C1B1946EF}.Release|Any CPU.Build.0 = Release|Any CPU
	EndGlobalSection
	GlobalSection(SolutionProperties) = preSolution
		HideSolutionNode = FALSE
	EndGlobalSection
	GlobalSection(ExtensibilityGlobals) = postSolution
		SolutionGuid = {19FC7A7D-1341-4AED-BF9F-24EDEB393EA4}
	EndGlobalSection
EndGlobal
